
Microsoft Visual Studio Solution File, Format Version 12.00
# Visual Studio Version 17
VisualStudioVersion = 17.11.35327.3
MinimumVisualStudioVersion = 10.0.40219.1
Project("{FAE04EC0-301F-11D3-BF4B-00C04F79EFBC}") = "Kitaplik", "Kitaplik\Kitaplik.csproj", "{FB928001-682B-4F0A-A047-E6C669F49C67}"
EndProject
Global
	GlobalSection(SolutionConfigurationPlatforms) = preSolution
		Debug|Any CPU = Debug|Any CPU
		Release|Any CPU = Release|Any CPU
	EndGlobalSection
	GlobalSection(ProjectConfigurationPlatforms) = postSolution
		{FB928001-682B-4F0A-A047-E6C669F49C67}.Debug|Any CPU.ActiveCfg = Debug|Any CPU
		{FB928001-682B-4F0A-A047-E6C669F49C67}.Debug|Any CPU.Build.0 = Debug|Any CPU
		{FB928001-682B-4F0A-A047-E6C669F49C67}.Release|Any CPU.ActiveCfg = Release|Any CPU
		{FB928001-682B-4F0A-A047-E6C669F49C67}.Release|Any CPU.Build.0 = Release|Any CPU
	EndGlobalSection
	GlobalSection(SolutionProperties) = preSolution
		HideSolutionNode = FALSE
	EndGlobalSection
	GlobalSection(ExtensibilityGlobals) = postSolution
		SolutionGuid = {07736ACA-B48C-4A97-8856-0BF777B5EB9F}
	EndGlobalSection
EndGlobal
